// !$*UTF8*$!
{
	archiveVersion = 1;
	classes = {
	};
	objectVersion = 46;
	objects = {

/* Begin PBXBuildFile section */
		FFF9F7891D3BC87D008EE28C /* OpenGL.framework in Frameworks */ = {isa = PBXBuildFile; fileRef = FFF9F7881D3BC87D008EE28C /* OpenGL.framework */; };
		FFF9F78B1D3BC884008EE28C /* GLUT.framework in Frameworks */ = {isa = PBXBuildFile; fileRef = FFF9F78A1D3BC884008EE28C /* GLUT.framework */; };
		FFF9F79F1D3BC94C008EE28C /* uiDraw.cpp in Sources */ = {isa = PBXBuildFile; fileRef = FFF9F78E1D3BC94C008EE28C /* uiDraw.cpp */; };
		FFF9F7A01D3BC94C008EE28C /* velocity.cpp in Sources */ = {isa = PBXBuildFile; fileRef = FFF9F7901D3BC94C008EE28C /* velocity.cpp */; };
		FFF9F7A11D3BC94C008EE28C /* point.cpp in Sources */ = {isa = PBXBuildFile; fileRef = FFF9F7921D3BC94C008EE28C /* point.cpp */; };
		FFF9F7A21D3BC94C008EE28C /* rocks.cpp in Sources */ = {isa = PBXBuildFile; fileRef = FFF9F7951D3BC94C008EE28C /* rocks.cpp */; };
		FFF9F7A31D3BC94C008EE28C /* ship.cpp in Sources */ = {isa = PBXBuildFile; fileRef = FFF9F7961D3BC94C008EE28C /* ship.cpp */; };
		FFF9F7A41D3BC94C008EE28C /* bullet.cpp in Sources */ = {isa = PBXBuildFile; fileRef = FFF9F7971D3BC94C008EE28C /* bullet.cpp */; };
		FFF9F7A51D3BC94C008EE28C /* flyingObject.cpp in Sources */ = {isa = PBXBuildFile; fileRef = FFF9F7981D3BC94C008EE28C /* flyingObject.cpp */; };
		FFF9F7A61D3BC94C008EE28C /* driver.cpp in Sources */ = {isa = PBXBuildFile; fileRef = FFF9F79B1D3BC94C008EE28C /* driver.cpp */; };
		FFF9F7A71D3BC94C008EE28C /* game.cpp in Sources */ = {isa = PBXBuildFile; fileRef = FFF9F79C1D3BC94C008EE28C /* game.cpp */; };
		FFF9F7A81D3BC94C008EE28C /* uiInteract.cpp in Sources */ = {isa = PBXBuildFile; fileRef = FFF9F79D1D3BC94C008EE28C /* uiInteract.cpp */; };
/* End PBXBuildFile section */

/* Begin PBXCopyFilesBuildPhase section */
		FFF9F77C1D3BC867008EE28C /* CopyFiles */ = {
			isa = PBXCopyFilesBuildPhase;
			buildActionMask = 2147483647;
			dstPath = /usr/share/man/man1/;
			dstSubfolderSpec = 0;
			files = (
			);
			runOnlyForDeploymentPostprocessing = 1;
		};
/* End PBXCopyFilesBuildPhase section */

/* Begin PBXFileReference section */
		FFF9F77E1D3BC867008EE28C /* Asteroids */ = {isa = PBXFileReference; explicitFileType = "compiled.mach-o.executable"; includeInIndex = 0; path = Asteroids; sourceTree = BUILT_PRODUCTS_DIR; };
		FFF9F7881D3BC87D008EE28C /* OpenGL.framework */ = {isa = PBXFileReference; lastKnownFileType = wrapper.framework; name = OpenGL.framework; path = System/Library/Frameworks/OpenGL.framework; sourceTree = SDKROOT; };
		FFF9F78A1D3BC884008EE28C /* GLUT.framework */ = {isa = PBXFileReference; lastKnownFileType = wrapper.framework; name = GLUT.framework; path = System/Library/Frameworks/GLUT.framework; sourceTree = SDKROOT; };
		FFF9F78C1D3BC94C008EE28C /* rocks.h */ = {isa = PBXFileReference; fileEncoding = 4; lastKnownFileType = sourcecode.c.h; path = rocks.h; sourceTree = "<group>"; };
		FFF9F78D1D3BC94C008EE28C /* ship.h */ = {isa = PBXFileReference; fileEncoding = 4; lastKnownFileType = sourcecode.c.h; path = ship.h; sourceTree = "<group>"; };
		FFF9F78E1D3BC94C008EE28C /* uiDraw.cpp */ = {isa = PBXFileReference; fileEncoding = 4; lastKnownFileType = sourcecode.cpp.cpp; path = uiDraw.cpp; sourceTree = "<group>"; };
		FFF9F78F1D3BC94C008EE28C /* uiDraw.h */ = {isa = PBXFileReference; fileEncoding = 4; lastKnownFileType = sourcecode.c.h; path = uiDraw.h; sourceTree = "<group>"; };
		FFF9F7901D3BC94C008EE28C /* velocity.cpp */ = {isa = PBXFileReference; fileEncoding = 4; lastKnownFileType = sourcecode.cpp.cpp; path = velocity.cpp; sourceTree = "<group>"; };
		FFF9F7911D3BC94C008EE28C /* velocity.h */ = {isa = PBXFileReference; fileEncoding = 4; lastKnownFileType = sourcecode.c.h; path = velocity.h; sourceTree = "<group>"; };
		FFF9F7921D3BC94C008EE28C /* point.cpp */ = {isa = PBXFileReference; fileEncoding = 4; lastKnownFileType = sourcecode.cpp.cpp; path = point.cpp; sourceTree = "<group>"; };
		FFF9F7931D3BC94C008EE28C /* point.h */ = {isa = PBXFileReference; fileEncoding = 4; lastKnownFileType = sourcecode.c.h; path = point.h; sourceTree = "<group>"; };
		FFF9F7941D3BC94C008EE28C /* bullet.h */ = {isa = PBXFileReference; fileEncoding = 4; lastKnownFileType = sourcecode.c.h; path = bullet.h; sourceTree = "<group>"; };
		FFF9F7951D3BC94C008EE28C /* rocks.cpp */ = {isa = PBXFileReference; fileEncoding = 4; lastKnownFileType = sourcecode.cpp.cpp; path = rocks.cpp; sourceTree = "<group>"; };
		FFF9F7961D3BC94C008EE28C /* ship.cpp */ = {isa = PBXFileReference; fileEncoding = 4; lastKnownFileType = sourcecode.cpp.cpp; path = ship.cpp; sourceTree = "<group>"; };
		FFF9F7971D3BC94C008EE28C /* bullet.cpp */ = {isa = PBXFileReference; fileEncoding = 4; lastKnownFileType = sourcecode.cpp.cpp; path = bullet.cpp; sourceTree = "<group>"; };
		FFF9F7981D3BC94C008EE28C /* flyingObject.cpp */ = {isa = PBXFileReference; fileEncoding = 4; lastKnownFileType = sourcecode.cpp.cpp; path = flyingObject.cpp; sourceTree = "<group>"; };
		FFF9F7991D3BC94C008EE28C /* flyingObject.h */ = {isa = PBXFileReference; fileEncoding = 4; lastKnownFileType = sourcecode.c.h; path = flyingObject.h; sourceTree = "<group>"; };
		FFF9F79A1D3BC94C008EE28C /* game.h */ = {isa = PBXFileReference; fileEncoding = 4; lastKnownFileType = sourcecode.c.h; path = game.h; sourceTree = "<group>"; };
		FFF9F79B1D3BC94C008EE28C /* driver.cpp */ = {isa = PBXFileReference; fileEncoding = 4; lastKnownFileType = sourcecode.cpp.cpp; path = driver.cpp; sourceTree = "<group>"; };
		FFF9F79C1D3BC94C008EE28C /* game.cpp */ = {isa = PBXFileReference; fileEncoding = 4; lastKnownFileType = sourcecode.cpp.cpp; path = game.cpp; sourceTree = "<group>"; };
		FFF9F79D1D3BC94C008EE28C /* uiInteract.cpp */ = {isa = PBXFileReference; fileEncoding = 4; lastKnownFileType = sourcecode.cpp.cpp; path = uiInteract.cpp; sourceTree = "<group>"; };
		FFF9F79E1D3BC94C008EE28C /* uiInteract.h */ = {isa = PBXFileReference; fileEncoding = 4; lastKnownFileType = sourcecode.c.h; path = uiInteract.h; sourceTree = "<group>"; };
/* End PBXFileReference section */

/* Begin PBXFrameworksBuildPhase section */
		FFF9F77B1D3BC867008EE28C /* Frameworks */ = {
			isa = PBXFrameworksBuildPhase;
			buildActionMask = 2147483647;
			files = (
				FFF9F78B1D3BC884008EE28C /* GLUT.framework in Frameworks */,
				FFF9F7891D3BC87D008EE28C /* OpenGL.framework in Frameworks */,
			);
			runOnlyForDeploymentPostprocessing = 0;
		};
/* End PBXFrameworksBuildPhase section */

/* Begin PBXGroup section */
		FFF9F7751D3BC867008EE28C = {
			isa = PBXGroup;
			children = (
				FFF9F78A1D3BC884008EE28C /* GLUT.framework */,
				FFF9F7881D3BC87D008EE28C /* OpenGL.framework */,
				FFF9F7801D3BC867008EE28C /* Asteroids */,
				FFF9F77F1D3BC867008EE28C /* Products */,
			);
			sourceTree = "<group>";
		};
		FFF9F77F1D3BC867008EE28C /* Products */ = {
			isa = PBXGroup;
			children = (
				FFF9F77E1D3BC867008EE28C /* Asteroids */,
			);
			name = Products;
			sourceTree = "<group>";
		};
		FFF9F7801D3BC867008EE28C /* Asteroids */ = {
			isa = PBXGroup;
			children = (
				FFF9F78C1D3BC94C008EE28C /* rocks.h */,
				FFF9F78D1D3BC94C008EE28C /* ship.h */,
				FFF9F78E1D3BC94C008EE28C /* uiDraw.cpp */,
				FFF9F78F1D3BC94C008EE28C /* uiDraw.h */,
				FFF9F7901D3BC94C008EE28C /* velocity.cpp */,
				FFF9F7911D3BC94C008EE28C /* velocity.h */,
				FFF9F7921D3BC94C008EE28C /* point.cpp */,
				FFF9F7931D3BC94C008EE28C /* point.h */,
				FFF9F7941D3BC94C008EE28C /* bullet.h */,
				FFF9F7951D3BC94C008EE28C /* rocks.cpp */,
				FFF9F7961D3BC94C008EE28C /* ship.cpp */,
				FFF9F7971D3BC94C008EE28C /* bullet.cpp */,
				FFF9F7981D3BC94C008EE28C /* flyingObject.cpp */,
				FFF9F7991D3BC94C008EE28C /* flyingObject.h */,
				FFF9F79A1D3BC94C008EE28C /* game.h */,
				FFF9F79B1D3BC94C008EE28C /* driver.cpp */,
				FFF9F79C1D3BC94C008EE28C /* game.cpp */,
				FFF9F79D1D3BC94C008EE28C /* uiInteract.cpp */,
				FFF9F79E1D3BC94C008EE28C /* uiInteract.h */,
			);
			path = Asteroids;
			sourceTree = "<group>";
		};
/* End PBXGroup section */

/* Begin PBXNativeTarget section */
		FFF9F77D1D3BC867008EE28C /* Asteroids */ = {
			isa = PBXNativeTarget;
			buildConfigurationList = FFF9F7851D3BC867008EE28C /* Build configuration list for PBXNativeTarget "Asteroids" */;
			buildPhases = (
				FFF9F77A1D3BC867008EE28C /* Sources */,
				FFF9F77B1D3BC867008EE28C /* Frameworks */,
				FFF9F77C1D3BC867008EE28C /* CopyFiles */,
			);
			buildRules = (
			);
			dependencies = (
			);
			name = Asteroids;
			productName = Asteroids;
			productReference = FFF9F77E1D3BC867008EE28C /* Asteroids */;
			productType = "com.apple.product-type.tool";
		};
/* End PBXNativeTarget section */

/* Begin PBXProject section */
		FFF9F7761D3BC867008EE28C /* Project object */ = {
			isa = PBXProject;
			attributes = {
				LastUpgradeCheck = 0730;
				ORGANIZATIONNAME = "Kyle Stewart";
				TargetAttributes = {
					FFF9F77D1D3BC867008EE28C = {
						CreatedOnToolsVersion = 7.3.1;
					};
				};
			};
			buildConfigurationList = FFF9F7791D3BC867008EE28C /* Build configuration list for PBXProject "Asteroids" */;
			compatibilityVersion = "Xcode 3.2";
			developmentRegion = English;
			hasScannedForEncodings = 0;
			knownRegions = (
				en,
			);
			mainGroup = FFF9F7751D3BC867008EE28C;
			productRefGroup = FFF9F77F1D3BC867008EE28C /* Products */;
			projectDirPath = "";
			projectRoot = "";
			targets = (
				FFF9F77D1D3BC867008EE28C /* Asteroids */,
			);
		};
/* End PBXProject section */

/* Begin PBXSourcesBuildPhase section */
		FFF9F77A1D3BC867008EE28C /* Sources */ = {
			isa = PBXSourcesBuildPhase;
			buildActionMask = 2147483647;
			files = (
				FFF9F7A21D3BC94C008EE28C /* rocks.cpp in Sources */,
				FFF9F7A41D3BC94C008EE28C /* bullet.cpp in Sources */,
				FFF9F7A71D3BC94C008EE28C /* game.cpp in Sources */,
				FFF9F7A01D3BC94C008EE28C /* velocity.cpp in Sources */,
				FFF9F79F1D3BC94C008EE28C /* uiDraw.cpp in Sources */,
				FFF9F7A81D3BC94C008EE28C /* uiInteract.cpp in Sources */,
				FFF9F7A31D3BC94C008EE28C /* ship.cpp in Sources */,
				FFF9F7A11D3BC94C008EE28C /* point.cpp in Sources */,
				FFF9F7A51D3BC94C008EE28C /* flyingObject.cpp in Sources */,
				FFF9F7A61D3BC94C008EE28C /* driver.cpp in Sources */,
			);
			runOnlyForDeploymentPostprocessing = 0;
		};
/* End PBXSourcesBuildPhase section */

/* Begin XCBuildConfiguration section */
		FFF9F7831D3BC867008EE28C /* Debug */ = {
			isa = XCBuildConfiguration;
			buildSettings = {
				ALWAYS_SEARCH_USER_PATHS = NO;
				CLANG_ANALYZER_NONNULL = YES;
				CLANG_CXX_LANGUAGE_STANDARD = "gnu++0x";
				CLANG_CXX_LIBRARY = "libc++";
				CLANG_ENABLE_MODULES = YES;
				CLANG_ENABLE_OBJC_ARC = YES;
				CLANG_WARN_BOOL_CONVERSION = YES;
				CLANG_WARN_CONSTANT_CONVERSION = YES;
				CLANG_WARN_DIRECT_OBJC_ISA_USAGE = YES_ERROR;
				CLANG_WARN_EMPTY_BODY = YES;
				CLANG_WARN_ENUM_CONVERSION = YES;
				CLANG_WARN_INT_CONVERSION = YES;
				CLANG_WARN_OBJC_ROOT_CLASS = YES_ERROR;
				CLANG_WARN_UNREACHABLE_CODE = YES;
				CLANG_WARN__DUPLICATE_METHOD_MATCH = YES;
				CODE_SIGN_IDENTITY = "-";
				COPY_PHASE_STRIP = NO;
				DEBUG_INFORMATION_FORMAT = dwarf;
				ENABLE_STRICT_OBJC_MSGSEND = YES;
				ENABLE_TESTABILITY = YES;
				GCC_C_LANGUAGE_STANDARD = gnu99;
				GCC_DYNAMIC_NO_PIC = NO;
				GCC_NO_COMMON_BLOCKS = YES;
				GCC_OPTIMIZATION_LEVEL = 0;
				GCC_PREPROCESSOR_DEFINITIONS = (
					"DEBUG=1",
					"$(inherited)",
				);
				GCC_WARN_64_TO_32_BIT_CONVERSION = YES;
				GCC_WARN_ABOUT_RETURN_TYPE = YES_ERROR;
				GCC_WARN_UNDECLARED_SELECTOR = YES;
				GCC_WARN_UNINITIALIZED_AUTOS = YES_AGGRESSIVE;
				GCC_WARN_UNUSED_FUNCTION = YES;
				GCC_WARN_UNUSED_VARIABLE = YES;
				MACOSX_DEPLOYMENT_TARGET = 10.11;
				MTL_ENABLE_DEBUG_INFO = YES;
				ONLY_ACTIVE_ARCH = YES;
				SDKROOT = macosx;
			};
			name = Debug;
		};
		FFF9F7841D3BC867008EE28C /* Release */ = {
			isa = XCBuildConfiguration;
			buildSettings = {
				ALWAYS_SEARCH_USER_PATHS = NO;
				CLANG_ANALYZER_NONNULL = YES;
				CLANG_CXX_LANGUAGE_STANDARD = "gnu++0x";
				CLANG_CXX_LIBRARY = "libc++";
				CLANG_ENABLE_MODULES = YES;
				CLANG_ENABLE_OBJC_ARC = YES;
				CLANG_WARN_BOOL_CONVERSION = YES;
				CLANG_WARN_CONSTANT_CONVERSION = YES;
				CLANG_WARN_DIRECT_OBJC_ISA_USAGE = YES_ERROR;
				CLANG_WARN_EMPTY_BODY = YES;
				CLANG_WARN_ENUM_CONVERSION = YES;
				CLANG_WARN_INT_CONVERSION = YES;
				CLANG_WARN_OBJC_ROOT_CLASS = YES_ERROR;
				CLANG_WARN_UNREACHABLE_CODE = YES;
				CLANG_WARN__DUPLICATE_METHOD_MATCH = YES;
				CODE_SIGN_IDENTITY = "-";
				COPY_PHASE_STRIP = NO;
				DEBUG_INFORMATION_FORMAT = "dwarf-with-dsym";
				ENABLE_NS_ASSERTIONS = NO;
				ENABLE_STRICT_OBJC_MSGSEND = YES;
				GCC_C_LANGUAGE_STANDARD = gnu99;
				GCC_NO_COMMON_BLOCKS = YES;
				GCC_WARN_64_TO_32_BIT_CONVERSION = YES;
				GCC_WARN_ABOUT_RETURN_TYPE = YES_ERROR;
				GCC_WARN_UNDECLARED_SELECTOR = YES;
				GCC_WARN_UNINITIALIZED_AUTOS = YES_AGGRESSIVE;
				GCC_WARN_UNUSED_FUNCTION = YES;
				GCC_WARN_UNUSED_VARIABLE = YES;
				MACOSX_DEPLOYMENT_TARGET = 10.11;
				MTL_ENABLE_DEBUG_INFO = NO;
				SDKROOT = macosx;
			};
			name = Release;
		};
		FFF9F7861D3BC867008EE28C /* Debug */ = {
			isa = XCBuildConfiguration;
			buildSettings = {
				PRODUCT_NAME = "$(TARGET_NAME)";
			};
			name = Debug;
		};
		FFF9F7871D3BC867008EE28C /* Release */ = {
			isa = XCBuildConfiguration;
			buildSettings = {
				PRODUCT_NAME = "$(TARGET_NAME)";
			};
			name = Release;
		};
/* End XCBuildConfiguration section */

/* Begin XCConfigurationList section */
		FFF9F7791D3BC867008EE28C /* Build configuration list for PBXProject "Asteroids" */ = {
			isa = XCConfigurationList;
			buildConfigurations = (
				FFF9F7831D3BC867008EE28C /* Debug */,
				FFF9F7841D3BC867008EE28C /* Release */,
			);
			defaultConfigurationIsVisible = 0;
			defaultConfigurationName = Release;
		};
		FFF9F7851D3BC867008EE28C /* Build configuration list for PBXNativeTarget "Asteroids" */ = {
			isa = XCConfigurationList;
			buildConfigurations = (
				FFF9F7861D3BC867008EE28C /* Debug */,
				FFF9F7871D3BC867008EE28C /* Release */,
			);
			defaultConfigurationIsVisible = 0;
		};
/* End XCConfigurationList section */
	};
	rootObject = FFF9F7761D3BC867008EE28C /* Project object */;
}
